
Microsoft Visual Studio Solution File, Format Version 12.00
# Visual Studio 15
VisualStudioVersion = 15.0.26217.2
MinimumVisualStudioVersion = 10.0.40219.1
Project("{9A19103F-16F7-4668-BE54-9A1E7A4F7556}") = "Nerdbank.MoneyManagement", "Nerdbank.MoneyManagement\Nerdbank.MoneyManagement.csproj", "{2B943523-4A05-42B9-9B96-40B81CE27AAD}"
EndProject
Project("{9A19103F-16F7-4668-BE54-9A1E7A4F7556}") = "Nerdbank.MoneyManagement.Tests", "Nerdbank.MoneyManagement.Tests\Nerdbank.MoneyManagement.Tests.csproj", "{A7AB74A7-6EF2-4FA0-B2DA-B32F0A7D29D4}"
EndProject
Project("{2150E333-8FDC-42A3-9474-1A3956D46DE8}") = "Solution Items", "Solution Items", "{F997F62D-DEBB-4B4C-9F13-7467E1874E36}"
	ProjectSection(SolutionItems) = preProject
		..\appveyor.yml = ..\appveyor.yml
		nuget.config = nuget.config
	EndProjectSection
EndProject
Project("{FAE04EC0-301F-11D3-BF4B-00C04F79EFBC}") = "MoneyMan.WPF", "MoneyMan.WPF\MoneyMan.WPF.csproj", "{0403ADA8-0C66-4B96-AD59-11E112DD4AFD}"
EndProject
Global
	GlobalSection(SolutionConfigurationPlatforms) = preSolution
		Ad-Hoc|Any CPU = Ad-Hoc|Any CPU
		AppStore|Any CPU = AppStore|Any CPU
		Debug|Any CPU = Debug|Any CPU
		Release|Any CPU = Release|Any CPU
	EndGlobalSection
	GlobalSection(ProjectConfigurationPlatforms) = postSolution
		{2B943523-4A05-42B9-9B96-40B81CE27AAD}.Ad-Hoc|Any CPU.ActiveCfg = Release|Any CPU
		{2B943523-4A05-42B9-9B96-40B81CE27AAD}.Ad-Hoc|Any CPU.Build.0 = Release|Any CPU
		{2B943523-4A05-42B9-9B96-40B81CE27AAD}.AppStore|Any CPU.ActiveCfg = Release|Any CPU
		{2B943523-4A05-42B9-9B96-40B81CE27AAD}.AppStore|Any CPU.Build.0 = Release|Any CPU
		{2B943523-4A05-42B9-9B96-40B81CE27AAD}.Debug|Any CPU.ActiveCfg = Debug|Any CPU
		{2B943523-4A05-42B9-9B96-40B81CE27AAD}.Debug|Any CPU.Build.0 = Debug|Any CPU
		{2B943523-4A05-42B9-9B96-40B81CE27AAD}.Release|Any CPU.ActiveCfg = Release|Any CPU
		{2B943523-4A05-42B9-9B96-40B81CE27AAD}.Release|Any CPU.Build.0 = Release|Any CPU
		{A7AB74A7-6EF2-4FA0-B2DA-B32F0A7D29D4}.Ad-Hoc|Any CPU.ActiveCfg = Release|Any CPU
		{A7AB74A7-6EF2-4FA0-B2DA-B32F0A7D29D4}.Ad-Hoc|Any CPU.Build.0 = Release|Any CPU
		{A7AB74A7-6EF2-4FA0-B2DA-B32F0A7D29D4}.AppStore|Any CPU.ActiveCfg = Release|Any CPU
		{A7AB74A7-6EF2-4FA0-B2DA-B32F0A7D29D4}.AppStore|Any CPU.Build.0 = Release|Any CPU
		{A7AB74A7-6EF2-4FA0-B2DA-B32F0A7D29D4}.Debug|Any CPU.ActiveCfg = Debug|Any CPU
		{A7AB74A7-6EF2-4FA0-B2DA-B32F0A7D29D4}.Debug|Any CPU.Build.0 = Debug|Any CPU
		{A7AB74A7-6EF2-4FA0-B2DA-B32F0A7D29D4}.Release|Any CPU.ActiveCfg = Release|Any CPU
		{A7AB74A7-6EF2-4FA0-B2DA-B32F0A7D29D4}.Release|Any CPU.Build.0 = Release|Any CPU
		{0403ADA8-0C66-4B96-AD59-11E112DD4AFD}.Ad-Hoc|Any CPU.ActiveCfg = Release|Any CPU
		{0403ADA8-0C66-4B96-AD59-11E112DD4AFD}.Ad-Hoc|Any CPU.Build.0 = Release|Any CPU
		{0403ADA8-0C66-4B96-AD59-11E112DD4AFD}.AppStore|Any CPU.ActiveCfg = Release|Any CPU
		{0403ADA8-0C66-4B96-AD59-11E112DD4AFD}.AppStore|Any CPU.Build.0 = Release|Any CPU
		{0403ADA8-0C66-4B96-AD59-11E112DD4AFD}.Debug|Any CPU.ActiveCfg = Debug|Any CPU
		{0403ADA8-0C66-4B96-AD59-11E112DD4AFD}.Debug|Any CPU.Build.0 = Debug|Any CPU
		{0403ADA8-0C66-4B96-AD59-11E112DD4AFD}.Release|Any CPU.ActiveCfg = Release|Any CPU
		{0403ADA8-0C66-4B96-AD59-11E112DD4AFD}.Release|Any CPU.Build.0 = Release|Any CPU
	EndGlobalSection
	GlobalSection(SolutionProperties) = preSolution
		HideSolutionNode = FALSE
	EndGlobalSection
EndGlobal
