
Microsoft Visual Studio Solution File, Format Version 12.00
# Visual Studio 15
VisualStudioVersion = 15.0.26720.2
MinimumVisualStudioVersion = 10.0.40219.1
Project("{9A19103F-16F7-4668-BE54-9A1E7A4F7556}") = "Nerdbank.MoneyManagement", "Nerdbank.MoneyManagement\Nerdbank.MoneyManagement.csproj", "{2B943523-4A05-42B9-9B96-40B81CE27AAD}"
EndProject
Project("{9A19103F-16F7-4668-BE54-9A1E7A4F7556}") = "Nerdbank.MoneyManagement.Tests", "Nerdbank.MoneyManagement.Tests\Nerdbank.MoneyManagement.Tests.csproj", "{A7AB74A7-6EF2-4FA0-B2DA-B32F0A7D29D4}"
EndProject
Project("{2150E333-8FDC-42A3-9474-1A3956D46DE8}") = "Solution Items", "Solution Items", "{F997F62D-DEBB-4B4C-9F13-7467E1874E36}"
	ProjectSection(SolutionItems) = preProject
		..\appveyor.yml = ..\appveyor.yml
		nuget.config = nuget.config
	EndProjectSection
EndProject
Project("{FAE04EC0-301F-11D3-BF4B-00C04F79EFBC}") = "MoneyMan.WPF", "MoneyMan.WPF\MoneyMan.WPF.csproj", "{0403ADA8-0C66-4B96-AD59-11E112DD4AFD}"
EndProject
Project("{FAE04EC0-301F-11D3-BF4B-00C04F79EFBC}") = "MoneyMan.UWP", "MoneyMan.UWP\MoneyMan.UWP.csproj", "{C2BABF77-2A89-42C9-9A14-B65A9C30B178}"
EndProject
Global
	GlobalSection(SolutionConfigurationPlatforms) = preSolution
		Ad-Hoc|Any CPU = Ad-Hoc|Any CPU
		Ad-Hoc|ARM = Ad-Hoc|ARM
		Ad-Hoc|x64 = Ad-Hoc|x64
		Ad-Hoc|x86 = Ad-Hoc|x86
		AppStore|Any CPU = AppStore|Any CPU
		AppStore|ARM = AppStore|ARM
		AppStore|x64 = AppStore|x64
		AppStore|x86 = AppStore|x86
		Debug|Any CPU = Debug|Any CPU
		Debug|ARM = Debug|ARM
		Debug|x64 = Debug|x64
		Debug|x86 = Debug|x86
		Release|Any CPU = Release|Any CPU
		Release|ARM = Release|ARM
		Release|x64 = Release|x64
		Release|x86 = Release|x86
	EndGlobalSection
	GlobalSection(ProjectConfigurationPlatforms) = postSolution
		{2B943523-4A05-42B9-9B96-40B81CE27AAD}.Ad-Hoc|Any CPU.ActiveCfg = Release|Any CPU
		{2B943523-4A05-42B9-9B96-40B81CE27AAD}.Ad-Hoc|Any CPU.Build.0 = Release|Any CPU
		{2B943523-4A05-42B9-9B96-40B81CE27AAD}.Ad-Hoc|ARM.ActiveCfg = Debug|Any CPU
		{2B943523-4A05-42B9-9B96-40B81CE27AAD}.Ad-Hoc|x64.ActiveCfg = Debug|Any CPU
		{2B943523-4A05-42B9-9B96-40B81CE27AAD}.Ad-Hoc|x86.ActiveCfg = Debug|Any CPU
		{2B943523-4A05-42B9-9B96-40B81CE27AAD}.AppStore|Any CPU.ActiveCfg = Release|Any CPU
		{2B943523-4A05-42B9-9B96-40B81CE27AAD}.AppStore|Any CPU.Build.0 = Release|Any CPU
		{2B943523-4A05-42B9-9B96-40B81CE27AAD}.AppStore|ARM.ActiveCfg = Debug|Any CPU
		{2B943523-4A05-42B9-9B96-40B81CE27AAD}.AppStore|x64.ActiveCfg = Debug|Any CPU
		{2B943523-4A05-42B9-9B96-40B81CE27AAD}.AppStore|x86.ActiveCfg = Debug|Any CPU
		{2B943523-4A05-42B9-9B96-40B81CE27AAD}.Debug|Any CPU.ActiveCfg = Debug|Any CPU
		{2B943523-4A05-42B9-9B96-40B81CE27AAD}.Debug|Any CPU.Build.0 = Debug|Any CPU
		{2B943523-4A05-42B9-9B96-40B81CE27AAD}.Debug|ARM.ActiveCfg = Debug|Any CPU
		{2B943523-4A05-42B9-9B96-40B81CE27AAD}.Debug|x64.ActiveCfg = Debug|Any CPU
		{2B943523-4A05-42B9-9B96-40B81CE27AAD}.Debug|x86.ActiveCfg = Debug|Any CPU
		{2B943523-4A05-42B9-9B96-40B81CE27AAD}.Debug|x86.Build.0 = Debug|Any CPU
		{2B943523-4A05-42B9-9B96-40B81CE27AAD}.Release|Any CPU.ActiveCfg = Release|Any CPU
		{2B943523-4A05-42B9-9B96-40B81CE27AAD}.Release|Any CPU.Build.0 = Release|Any CPU
		{2B943523-4A05-42B9-9B96-40B81CE27AAD}.Release|ARM.ActiveCfg = Release|Any CPU
		{2B943523-4A05-42B9-9B96-40B81CE27AAD}.Release|x64.ActiveCfg = Release|Any CPU
		{2B943523-4A05-42B9-9B96-40B81CE27AAD}.Release|x86.ActiveCfg = Release|Any CPU
		{A7AB74A7-6EF2-4FA0-B2DA-B32F0A7D29D4}.Ad-Hoc|Any CPU.ActiveCfg = Release|Any CPU
		{A7AB74A7-6EF2-4FA0-B2DA-B32F0A7D29D4}.Ad-Hoc|Any CPU.Build.0 = Release|Any CPU
		{A7AB74A7-6EF2-4FA0-B2DA-B32F0A7D29D4}.Ad-Hoc|ARM.ActiveCfg = Debug|Any CPU
		{A7AB74A7-6EF2-4FA0-B2DA-B32F0A7D29D4}.Ad-Hoc|x64.ActiveCfg = Debug|Any CPU
		{A7AB74A7-6EF2-4FA0-B2DA-B32F0A7D29D4}.Ad-Hoc|x86.ActiveCfg = Debug|Any CPU
		{A7AB74A7-6EF2-4FA0-B2DA-B32F0A7D29D4}.AppStore|Any CPU.ActiveCfg = Release|Any CPU
		{A7AB74A7-6EF2-4FA0-B2DA-B32F0A7D29D4}.AppStore|Any CPU.Build.0 = Release|Any CPU
		{A7AB74A7-6EF2-4FA0-B2DA-B32F0A7D29D4}.AppStore|ARM.ActiveCfg = Debug|Any CPU
		{A7AB74A7-6EF2-4FA0-B2DA-B32F0A7D29D4}.AppStore|x64.ActiveCfg = Debug|Any CPU
		{A7AB74A7-6EF2-4FA0-B2DA-B32F0A7D29D4}.AppStore|x86.ActiveCfg = Debug|Any CPU
		{A7AB74A7-6EF2-4FA0-B2DA-B32F0A7D29D4}.Debug|Any CPU.ActiveCfg = Debug|Any CPU
		{A7AB74A7-6EF2-4FA0-B2DA-B32F0A7D29D4}.Debug|Any CPU.Build.0 = Debug|Any CPU
		{A7AB74A7-6EF2-4FA0-B2DA-B32F0A7D29D4}.Debug|ARM.ActiveCfg = Debug|Any CPU
		{A7AB74A7-6EF2-4FA0-B2DA-B32F0A7D29D4}.Debug|x64.ActiveCfg = Debug|Any CPU
		{A7AB74A7-6EF2-4FA0-B2DA-B32F0A7D29D4}.Debug|x86.ActiveCfg = Debug|Any CPU
		{A7AB74A7-6EF2-4FA0-B2DA-B32F0A7D29D4}.Debug|x86.Build.0 = Debug|Any CPU
		{A7AB74A7-6EF2-4FA0-B2DA-B32F0A7D29D4}.Release|Any CPU.ActiveCfg = Release|Any CPU
		{A7AB74A7-6EF2-4FA0-B2DA-B32F0A7D29D4}.Release|Any CPU.Build.0 = Release|Any CPU
		{A7AB74A7-6EF2-4FA0-B2DA-B32F0A7D29D4}.Release|ARM.ActiveCfg = Release|Any CPU
		{A7AB74A7-6EF2-4FA0-B2DA-B32F0A7D29D4}.Release|x64.ActiveCfg = Release|Any CPU
		{A7AB74A7-6EF2-4FA0-B2DA-B32F0A7D29D4}.Release|x86.ActiveCfg = Release|Any CPU
		{0403ADA8-0C66-4B96-AD59-11E112DD4AFD}.Ad-Hoc|Any CPU.ActiveCfg = Release|Any CPU
		{0403ADA8-0C66-4B96-AD59-11E112DD4AFD}.Ad-Hoc|Any CPU.Build.0 = Release|Any CPU
		{0403ADA8-0C66-4B96-AD59-11E112DD4AFD}.Ad-Hoc|ARM.ActiveCfg = Debug|Any CPU
		{0403ADA8-0C66-4B96-AD59-11E112DD4AFD}.Ad-Hoc|x64.ActiveCfg = Debug|Any CPU
		{0403ADA8-0C66-4B96-AD59-11E112DD4AFD}.Ad-Hoc|x86.ActiveCfg = Debug|Any CPU
		{0403ADA8-0C66-4B96-AD59-11E112DD4AFD}.AppStore|Any CPU.ActiveCfg = Release|Any CPU
		{0403ADA8-0C66-4B96-AD59-11E112DD4AFD}.AppStore|Any CPU.Build.0 = Release|Any CPU
		{0403ADA8-0C66-4B96-AD59-11E112DD4AFD}.AppStore|ARM.ActiveCfg = Debug|Any CPU
		{0403ADA8-0C66-4B96-AD59-11E112DD4AFD}.AppStore|x64.ActiveCfg = Debug|Any CPU
		{0403ADA8-0C66-4B96-AD59-11E112DD4AFD}.AppStore|x86.ActiveCfg = Debug|Any CPU
		{0403ADA8-0C66-4B96-AD59-11E112DD4AFD}.Debug|Any CPU.ActiveCfg = Debug|Any CPU
		{0403ADA8-0C66-4B96-AD59-11E112DD4AFD}.Debug|Any CPU.Build.0 = Debug|Any CPU
		{0403ADA8-0C66-4B96-AD59-11E112DD4AFD}.Debug|ARM.ActiveCfg = Debug|Any CPU
		{0403ADA8-0C66-4B96-AD59-11E112DD4AFD}.Debug|x64.ActiveCfg = Debug|Any CPU
		{0403ADA8-0C66-4B96-AD59-11E112DD4AFD}.Debug|x86.ActiveCfg = Debug|Any CPU
		{0403ADA8-0C66-4B96-AD59-11E112DD4AFD}.Debug|x86.Build.0 = Debug|Any CPU
		{0403ADA8-0C66-4B96-AD59-11E112DD4AFD}.Release|Any CPU.ActiveCfg = Release|Any CPU
		{0403ADA8-0C66-4B96-AD59-11E112DD4AFD}.Release|Any CPU.Build.0 = Release|Any CPU
		{0403ADA8-0C66-4B96-AD59-11E112DD4AFD}.Release|ARM.ActiveCfg = Release|Any CPU
		{0403ADA8-0C66-4B96-AD59-11E112DD4AFD}.Release|x64.ActiveCfg = Release|Any CPU
		{0403ADA8-0C66-4B96-AD59-11E112DD4AFD}.Release|x86.ActiveCfg = Release|Any CPU
		{C2BABF77-2A89-42C9-9A14-B65A9C30B178}.Ad-Hoc|Any CPU.ActiveCfg = Release|x64
		{C2BABF77-2A89-42C9-9A14-B65A9C30B178}.Ad-Hoc|Any CPU.Build.0 = Release|x64
		{C2BABF77-2A89-42C9-9A14-B65A9C30B178}.Ad-Hoc|Any CPU.Deploy.0 = Release|x64
		{C2BABF77-2A89-42C9-9A14-B65A9C30B178}.Ad-Hoc|ARM.ActiveCfg = Release|ARM
		{C2BABF77-2A89-42C9-9A14-B65A9C30B178}.Ad-Hoc|ARM.Build.0 = Release|ARM
		{C2BABF77-2A89-42C9-9A14-B65A9C30B178}.Ad-Hoc|ARM.Deploy.0 = Release|ARM
		{C2BABF77-2A89-42C9-9A14-B65A9C30B178}.Ad-Hoc|x64.ActiveCfg = Release|x64
		{C2BABF77-2A89-42C9-9A14-B65A9C30B178}.Ad-Hoc|x64.Build.0 = Release|x64
		{C2BABF77-2A89-42C9-9A14-B65A9C30B178}.Ad-Hoc|x64.Deploy.0 = Release|x64
		{C2BABF77-2A89-42C9-9A14-B65A9C30B178}.Ad-Hoc|x86.ActiveCfg = Release|x86
		{C2BABF77-2A89-42C9-9A14-B65A9C30B178}.Ad-Hoc|x86.Build.0 = Release|x86
		{C2BABF77-2A89-42C9-9A14-B65A9C30B178}.Ad-Hoc|x86.Deploy.0 = Release|x86
		{C2BABF77-2A89-42C9-9A14-B65A9C30B178}.AppStore|Any CPU.ActiveCfg = Release|x64
		{C2BABF77-2A89-42C9-9A14-B65A9C30B178}.AppStore|Any CPU.Build.0 = Release|x64
		{C2BABF77-2A89-42C9-9A14-B65A9C30B178}.AppStore|Any CPU.Deploy.0 = Release|x64
		{C2BABF77-2A89-42C9-9A14-B65A9C30B178}.AppStore|ARM.ActiveCfg = Release|ARM
		{C2BABF77-2A89-42C9-9A14-B65A9C30B178}.AppStore|ARM.Build.0 = Release|ARM
		{C2BABF77-2A89-42C9-9A14-B65A9C30B178}.AppStore|ARM.Deploy.0 = Release|ARM
		{C2BABF77-2A89-42C9-9A14-B65A9C30B178}.AppStore|x64.ActiveCfg = Release|x64
		{C2BABF77-2A89-42C9-9A14-B65A9C30B178}.AppStore|x64.Build.0 = Release|x64
		{C2BABF77-2A89-42C9-9A14-B65A9C30B178}.AppStore|x64.Deploy.0 = Release|x64
		{C2BABF77-2A89-42C9-9A14-B65A9C30B178}.AppStore|x86.ActiveCfg = Release|x86
		{C2BABF77-2A89-42C9-9A14-B65A9C30B178}.AppStore|x86.Build.0 = Release|x86
		{C2BABF77-2A89-42C9-9A14-B65A9C30B178}.AppStore|x86.Deploy.0 = Release|x86
		{C2BABF77-2A89-42C9-9A14-B65A9C30B178}.Debug|Any CPU.ActiveCfg = Debug|x86
		{C2BABF77-2A89-42C9-9A14-B65A9C30B178}.Debug|ARM.ActiveCfg = Debug|ARM
		{C2BABF77-2A89-42C9-9A14-B65A9C30B178}.Debug|ARM.Build.0 = Debug|ARM
		{C2BABF77-2A89-42C9-9A14-B65A9C30B178}.Debug|ARM.Deploy.0 = Debug|ARM
		{C2BABF77-2A89-42C9-9A14-B65A9C30B178}.Debug|x64.ActiveCfg = Debug|x64
		{C2BABF77-2A89-42C9-9A14-B65A9C30B178}.Debug|x64.Build.0 = Debug|x64
		{C2BABF77-2A89-42C9-9A14-B65A9C30B178}.Debug|x64.Deploy.0 = Debug|x64
		{C2BABF77-2A89-42C9-9A14-B65A9C30B178}.Debug|x86.ActiveCfg = Debug|x86
		{C2BABF77-2A89-42C9-9A14-B65A9C30B178}.Debug|x86.Build.0 = Debug|x86
		{C2BABF77-2A89-42C9-9A14-B65A9C30B178}.Debug|x86.Deploy.0 = Debug|x86
		{C2BABF77-2A89-42C9-9A14-B65A9C30B178}.Release|Any CPU.ActiveCfg = Release|x86
		{C2BABF77-2A89-42C9-9A14-B65A9C30B178}.Release|ARM.ActiveCfg = Release|ARM
		{C2BABF77-2A89-42C9-9A14-B65A9C30B178}.Release|ARM.Build.0 = Release|ARM
		{C2BABF77-2A89-42C9-9A14-B65A9C30B178}.Release|ARM.Deploy.0 = Release|ARM
		{C2BABF77-2A89-42C9-9A14-B65A9C30B178}.Release|x64.ActiveCfg = Release|x64
		{C2BABF77-2A89-42C9-9A14-B65A9C30B178}.Release|x64.Build.0 = Release|x64
		{C2BABF77-2A89-42C9-9A14-B65A9C30B178}.Release|x64.Deploy.0 = Release|x64
		{C2BABF77-2A89-42C9-9A14-B65A9C30B178}.Release|x86.ActiveCfg = Release|x86
		{C2BABF77-2A89-42C9-9A14-B65A9C30B178}.Release|x86.Build.0 = Release|x86
		{C2BABF77-2A89-42C9-9A14-B65A9C30B178}.Release|x86.Deploy.0 = Release|x86
	EndGlobalSection
	GlobalSection(SolutionProperties) = preSolution
		HideSolutionNode = FALSE
	EndGlobalSection
	GlobalSection(ExtensibilityGlobals) = postSolution
		SolutionGuid = {0FDE45E2-57ED-46E1-9769-752CCF05DA05}
	EndGlobalSection
EndGlobal
